
Microsoft Visual Studio Solution File, Format Version 12.00
# Visual Studio Version 17
VisualStudioVersion = 17.5.33516.290
MinimumVisualStudioVersion = 10.0.40219.1
Project("{FAE04EC0-301F-11D3-BF4B-00C04F79EFBC}") = "WPF_Cassandra", "WPF_Cassandra\WPF_Cassandra.csproj", "{00E602D7-482A-4389-AE13-AC107445BF09}"
EndProject
Global
	GlobalSection(SolutionConfigurationPlatforms) = preSolution
		Debug|Any CPU = Debug|Any CPU
		Release|Any CPU = Release|Any CPU
	EndGlobalSection
	GlobalSection(ProjectConfigurationPlatforms) = postSolution
		{00E602D7-482A-4389-AE13-AC107445BF09}.Debug|Any CPU.ActiveCfg = Debug|Any CPU
		{00E602D7-482A-4389-AE13-AC107445BF09}.Debug|Any CPU.Build.0 = Debug|Any CPU
		{00E602D7-482A-4389-AE13-AC107445BF09}.Release|Any CPU.ActiveCfg = Release|Any CPU
		{00E602D7-482A-4389-AE13-AC107445BF09}.Release|Any CPU.Build.0 = Release|Any CPU
	EndGlobalSection
	GlobalSection(SolutionProperties) = preSolution
		HideSolutionNode = FALSE
	EndGlobalSection
	GlobalSection(ExtensibilityGlobals) = postSolution
		SolutionGuid = {96916391-4FA3-4F91-957C-7A23FC67DF1D}
	EndGlobalSection
EndGlobal
